# This file was autogenerated by Stack.
# You should not edit this file by hand.
# For more information, please see the documentation at:
#   https://docs.haskellstack.org/en/stable/lock_files

packages:
- completed:
    hackage: hedgehog-1.2@sha256:b7abfb2db7638c50eb8ee76186ee627ea7ab187220e4ea966b5738a1bde3b22a,4496
    pantry-tree:
      sha256: 88d4d31c94383a956d551a6d4ff1d6eddeaad17b5b97d2db7118a20965223285
      size: 2713
  original:
    hackage: hedgehog-1.2
- completed:
    hackage: Yampa-0.14@sha256:1bc26f97ad31e33217f7754cd34fd35239613e0397ab2670c2448b48d0675889,6673
    pantry-tree:
      sha256: b1e8a3998a35b523f768c98dc664094d62bcdb8299fe728c1e2b951b2fc70296
      size: 2168
  original:
    hackage: Yampa-0.14
snapshots:
- completed:
    sha256: d35e616d8d3a34ed58b98ef0eb5df6e65e85067b72ee68547f7123eea4b35713
    size: 595937
    url: https://raw.githubusercontent.com/commercialhaskell/stackage-snapshots/master/nightly/2023/1/24.yaml
  original: nightly-2023-01-24
